
Microsoft Visual Studio Solution File, Format Version 12.00
# Visual Studio Version 16
VisualStudioVersion = 16.0.31025.194
MinimumVisualStudioVersion = 10.0.40219.1
Project("{FAE04EC0-301F-11D3-BF4B-00C04F79EFBC}") = "EmailApp", "EmailApp\EmailApp.csproj", "{169758CA-8837-40AB-8038-F6552A2326A2}"
EndProject
Global
	GlobalSection(SolutionConfigurationPlatforms) = preSolution
		Debug|Any CPU = Debug|Any CPU
		Release|Any CPU = Release|Any CPU
	EndGlobalSection
	GlobalSection(ProjectConfigurationPlatforms) = postSolution
		{169758CA-8837-40AB-8038-F6552A2326A2}.Debug|Any CPU.ActiveCfg = Debug|Any CPU
		{169758CA-8837-40AB-8038-F6552A2326A2}.Debug|Any CPU.Build.0 = Debug|Any CPU
		{169758CA-8837-40AB-8038-F6552A2326A2}.Release|Any CPU.ActiveCfg = Release|Any CPU
		{169758CA-8837-40AB-8038-F6552A2326A2}.Release|Any CPU.Build.0 = Release|Any CPU
	EndGlobalSection
	GlobalSection(SolutionProperties) = preSolution
		HideSolutionNode = FALSE
	EndGlobalSection
	GlobalSection(ExtensibilityGlobals) = postSolution
		SolutionGuid = {BA513C93-8D98-48F8-BFB9-549C06BF59B6}
	EndGlobalSection
EndGlobal
